
Microsoft Visual Studio Solution File, Format Version 12.00
# Visual Studio Version 17
VisualStudioVersion = 17.4.33103.184
MinimumVisualStudioVersion = 10.0.40219.1
Project("{FAE04EC0-301F-11D3-BF4B-00C04F79EFBC}") = "ApplicantAPI", "ApplicantAPI\ApplicantAPI.csproj", "{8EE5DE4C-0E35-4288-A8FF-F655A0FB5B05}"
EndProject
Global
	GlobalSection(SolutionConfigurationPlatforms) = preSolution
		Debug|Any CPU = Debug|Any CPU
		Release|Any CPU = Release|Any CPU
	EndGlobalSection
	GlobalSection(ProjectConfigurationPlatforms) = postSolution
		{8EE5DE4C-0E35-4288-A8FF-F655A0FB5B05}.Debug|Any CPU.ActiveCfg = Debug|Any CPU
		{8EE5DE4C-0E35-4288-A8FF-F655A0FB5B05}.Debug|Any CPU.Build.0 = Debug|Any CPU
		{8EE5DE4C-0E35-4288-A8FF-F655A0FB5B05}.Release|Any CPU.ActiveCfg = Release|Any CPU
		{8EE5DE4C-0E35-4288-A8FF-F655A0FB5B05}.Release|Any CPU.Build.0 = Release|Any CPU
	EndGlobalSection
	GlobalSection(SolutionProperties) = preSolution
		HideSolutionNode = FALSE
	EndGlobalSection
	GlobalSection(ExtensibilityGlobals) = postSolution
		SolutionGuid = {75A4BB6A-11EC-4F20-AEAE-47ABF0758541}
	EndGlobalSection
EndGlobal
